<Solution>
  <Project Path="src/formdata.Api/formdata.Api.csproj" />
  <Project Path="src/formdata.DataAccess/formdata.DataAccess.csproj" Id="09d6aa51-2dac-42f1-82cc-bd58923e9554" />
  <Project Path="src/formdata.database/formdata.Database.sqlproj" Id="3bf1d96f-1c57-4f2d-8360-5b4b25da9d7b">
    <Build />
    <Deploy />
  </Project>
  <Project Path="src/formdata.Web/formdata.web.esproj">
    <Build />
    <Deploy />
  </Project>
  <Project Path="test/formdata.api.tests/formdata.Api.Tests.csproj" />
</Solution>
