<Solution>
  <Project Path="../test/bentley.api.tests/bentley.api.tests.csproj" Id="ee40369b-0a76-4cbd-9ddf-54ee4c7c1986" />
  <Project Path="bentley.api/bentley.api.csproj" />
  <Project Path="bentley.database/bentley.database.sqlproj" Id="3bf1d96f-1c57-4f2d-8360-5b4b25da9d7b">
    <Build />
    <Deploy />
  </Project>
</Solution>
